Microsoft Visual Studio Solution File, Format Version 11.00
# Visual Studio 2008

Project("{6D706B86-CB0D-1AE4-35EB-10E465CB4CB2}") = "BearRunner", "Assembly-CSharp-firstpass.csproj", "{9719A186-F16F-A4CC-EB22-5A42741D56F2}"
EndProject
Project("{6D706B86-CB0D-1AE4-35EB-10E465CB4CB2}") = "BearRunner", "Assembly-CSharp.csproj", "{681A2968-4438-8AA3-F05B-F9AC468365AC}"
EndProject
Project("{6D706B86-CB0D-1AE4-35EB-10E465CB4CB2}") = "BearRunner", "Assembly-CSharp-Editor-firstpass.csproj", "{5B1B25FB-DB5D-C47A-F632-379ECDD6CCCC}"
EndProject
Project("{6D706B86-CB0D-1AE4-35EB-10E465CB4CB2}") = "BearRunner", "Assembly-CSharp-Editor.csproj", "{67A2DC56-48D7-5608-517A-DD29A049FEC3}"
EndProject
Project("{6D706B86-CB0D-1AE4-35EB-10E465CB4CB2}") = "BearRunner", "Assembly-UnityScript-firstpass.unityproj", "{B0597FFF-DA9E-DDDB-541F-1567B26C3DB1}"
EndProject
Project("{6D706B86-CB0D-1AE4-35EB-10E465CB4CB2}") = "BearRunner", "Assembly-UnityScript.unityproj", "{4EB66E62-9C84-8D48-BA73-32584D8BB6B5}"
EndProject
Project("{6D706B86-CB0D-1AE4-35EB-10E465CB4CB2}") = "BearRunner", "Assembly-UnityScript-Editor-firstpass.unityproj", "{C9B9853B-4BE1-F73C-6055-EA323F66C89D}"
EndProject
Global
	GlobalSection(SolutionConfigurationPlatforms) = preSolution
		Debug|Any CPU = Debug|Any CPU
		Release|Any CPU = Release|Any CPU
	EndGlobalSection
	GlobalSection(ProjectConfigurationPlatforms) = postSolution
		{9719A186-F16F-A4CC-EB22-5A42741D56F2}.Debug|Any CPU.ActiveCfg = Debug|Any CPU
		{9719A186-F16F-A4CC-EB22-5A42741D56F2}.Debug|Any CPU.Build.0 = Debug|Any CPU
		{9719A186-F16F-A4CC-EB22-5A42741D56F2}.Release|Any CPU.ActiveCfg = Release|Any CPU
		{9719A186-F16F-A4CC-EB22-5A42741D56F2}.Release|Any CPU.Build.0 = Release|Any CPU
		{681A2968-4438-8AA3-F05B-F9AC468365AC}.Debug|Any CPU.ActiveCfg = Debug|Any CPU
		{681A2968-4438-8AA3-F05B-F9AC468365AC}.Debug|Any CPU.Build.0 = Debug|Any CPU
		{681A2968-4438-8AA3-F05B-F9AC468365AC}.Release|Any CPU.ActiveCfg = Release|Any CPU
		{681A2968-4438-8AA3-F05B-F9AC468365AC}.Release|Any CPU.Build.0 = Release|Any CPU
		{5B1B25FB-DB5D-C47A-F632-379ECDD6CCCC}.Debug|Any CPU.ActiveCfg = Debug|Any CPU
		{5B1B25FB-DB5D-C47A-F632-379ECDD6CCCC}.Debug|Any CPU.Build.0 = Debug|Any CPU
		{5B1B25FB-DB5D-C47A-F632-379ECDD6CCCC}.Release|Any CPU.ActiveCfg = Release|Any CPU
		{5B1B25FB-DB5D-C47A-F632-379ECDD6CCCC}.Release|Any CPU.Build.0 = Release|Any CPU
		{67A2DC56-48D7-5608-517A-DD29A049FEC3}.Debug|Any CPU.ActiveCfg = Debug|Any CPU
		{67A2DC56-48D7-5608-517A-DD29A049FEC3}.Debug|Any CPU.Build.0 = Debug|Any CPU
		{67A2DC56-48D7-5608-517A-DD29A049FEC3}.Release|Any CPU.ActiveCfg = Release|Any CPU
		{67A2DC56-48D7-5608-517A-DD29A049FEC3}.Release|Any CPU.Build.0 = Release|Any CPU
		{B0597FFF-DA9E-DDDB-541F-1567B26C3DB1}.Debug|Any CPU.ActiveCfg = Debug|Any CPU
		{B0597FFF-DA9E-DDDB-541F-1567B26C3DB1}.Debug|Any CPU.Build.0 = Debug|Any CPU
		{B0597FFF-DA9E-DDDB-541F-1567B26C3DB1}.Release|Any CPU.ActiveCfg = Release|Any CPU
		{B0597FFF-DA9E-DDDB-541F-1567B26C3DB1}.Release|Any CPU.Build.0 = Release|Any CPU
		{4EB66E62-9C84-8D48-BA73-32584D8BB6B5}.Debug|Any CPU.ActiveCfg = Debug|Any CPU
		{4EB66E62-9C84-8D48-BA73-32584D8BB6B5}.Debug|Any CPU.Build.0 = Debug|Any CPU
		{4EB66E62-9C84-8D48-BA73-32584D8BB6B5}.Release|Any CPU.ActiveCfg = Release|Any CPU
		{4EB66E62-9C84-8D48-BA73-32584D8BB6B5}.Release|Any CPU.Build.0 = Release|Any CPU
		{C9B9853B-4BE1-F73C-6055-EA323F66C89D}.Debug|Any CPU.ActiveCfg = Debug|Any CPU
		{C9B9853B-4BE1-F73C-6055-EA323F66C89D}.Debug|Any CPU.Build.0 = Debug|Any CPU
		{C9B9853B-4BE1-F73C-6055-EA323F66C89D}.Release|Any CPU.ActiveCfg = Release|Any CPU
		{C9B9853B-4BE1-F73C-6055-EA323F66C89D}.Release|Any CPU.Build.0 = Release|Any CPU
	EndGlobalSection
	GlobalSection(SolutionProperties) = preSolution
		HideSolutionNode = FALSE
	EndGlobalSection
																																																																																																																																																																																																																																																																																																																																																																																																																																																																																																																																																																																																																																																																																																																																																																																																																						GlobalSection(MonoDevelopProperties) = preSolution
		StartupItem = Assembly-CSharp.csproj
		Policies = $0
		$0.TextStylePolicy = $1
		$1.inheritsSet = null
		$1.scope = text/x-csharp
		$0.CSharpFormattingPolicy = $2
		$2.inheritsSet = Mono
		$2.inheritsScope = text/x-csharp
		$2.scope = text/x-csharp
		$0.TextStylePolicy = $3
		$3.FileWidth = 120
		$3.TabWidth = 4
		$3.EolMarker = Unix
		$3.inheritsSet = Mono
		$3.inheritsScope = text/plain
		$3.scope = text/plain
	EndGlobalSection

EndGlobal
