Microsoft Visual Studio Solution File, Format Version 11.00
# Visual Studio 2008

Project("{0470B4B5-8151-E786-B70F-D9AA0F8FFF3D}") = "crazy_russian_marathon", "Assembly-CSharp-firstpass.csproj", "{E0EC0D17-C017-18FB-2813-3514B11C4CDA}"
EndProject
Project("{0470B4B5-8151-E786-B70F-D9AA0F8FFF3D}") = "crazy_russian_marathon", "Assembly-CSharp.csproj", "{779AAAEF-AD3E-EC37-B975-EF452082CC73}"
EndProject
Project("{0470B4B5-8151-E786-B70F-D9AA0F8FFF3D}") = "crazy_russian_marathon", "Assembly-CSharp-Editor-firstpass.csproj", "{FD8B7337-9B07-F83B-733D-61A840BB961D}"
EndProject
Project("{0470B4B5-8151-E786-B70F-D9AA0F8FFF3D}") = "crazy_russian_marathon", "Assembly-CSharp-Editor.csproj", "{01808B1C-3A6B-4864-BA7D-D0D791551DDB}"
EndProject
Project("{0470B4B5-8151-E786-B70F-D9AA0F8FFF3D}") = "crazy_russian_marathon", "Assembly-UnityScript-firstpass.unityproj", "{4300E5E7-439A-AEB9-022A-090F48594316}"
EndProject
Project("{0470B4B5-8151-E786-B70F-D9AA0F8FFF3D}") = "crazy_russian_marathon", "Assembly-UnityScript.unityproj", "{8FCF5CCD-8526-3E5E-428F-F4F47BFE8A1D}"
EndProject
Project("{0470B4B5-8151-E786-B70F-D9AA0F8FFF3D}") = "crazy_russian_marathon", "Assembly-UnityScript-Editor-firstpass.unityproj", "{D1047470-C004-9B79-23D5-348D979323A6}"
EndProject
Global
	GlobalSection(SolutionConfigurationPlatforms) = preSolution
		Debug|Any CPU = Debug|Any CPU
		Release|Any CPU = Release|Any CPU
	EndGlobalSection
	GlobalSection(ProjectConfigurationPlatforms) = postSolution
		{E0EC0D17-C017-18FB-2813-3514B11C4CDA}.Debug|Any CPU.ActiveCfg = Debug|Any CPU
		{E0EC0D17-C017-18FB-2813-3514B11C4CDA}.Debug|Any CPU.Build.0 = Debug|Any CPU
		{E0EC0D17-C017-18FB-2813-3514B11C4CDA}.Release|Any CPU.ActiveCfg = Release|Any CPU
		{E0EC0D17-C017-18FB-2813-3514B11C4CDA}.Release|Any CPU.Build.0 = Release|Any CPU
		{779AAAEF-AD3E-EC37-B975-EF452082CC73}.Debug|Any CPU.ActiveCfg = Debug|Any CPU
		{779AAAEF-AD3E-EC37-B975-EF452082CC73}.Debug|Any CPU.Build.0 = Debug|Any CPU
		{779AAAEF-AD3E-EC37-B975-EF452082CC73}.Release|Any CPU.ActiveCfg = Release|Any CPU
		{779AAAEF-AD3E-EC37-B975-EF452082CC73}.Release|Any CPU.Build.0 = Release|Any CPU
		{FD8B7337-9B07-F83B-733D-61A840BB961D}.Debug|Any CPU.ActiveCfg = Debug|Any CPU
		{FD8B7337-9B07-F83B-733D-61A840BB961D}.Debug|Any CPU.Build.0 = Debug|Any CPU
		{FD8B7337-9B07-F83B-733D-61A840BB961D}.Release|Any CPU.ActiveCfg = Release|Any CPU
		{FD8B7337-9B07-F83B-733D-61A840BB961D}.Release|Any CPU.Build.0 = Release|Any CPU
		{01808B1C-3A6B-4864-BA7D-D0D791551DDB}.Debug|Any CPU.ActiveCfg = Debug|Any CPU
		{01808B1C-3A6B-4864-BA7D-D0D791551DDB}.Debug|Any CPU.Build.0 = Debug|Any CPU
		{01808B1C-3A6B-4864-BA7D-D0D791551DDB}.Release|Any CPU.ActiveCfg = Release|Any CPU
		{01808B1C-3A6B-4864-BA7D-D0D791551DDB}.Release|Any CPU.Build.0 = Release|Any CPU
		{4300E5E7-439A-AEB9-022A-090F48594316}.Debug|Any CPU.ActiveCfg = Debug|Any CPU
		{4300E5E7-439A-AEB9-022A-090F48594316}.Debug|Any CPU.Build.0 = Debug|Any CPU
		{4300E5E7-439A-AEB9-022A-090F48594316}.Release|Any CPU.ActiveCfg = Release|Any CPU
		{4300E5E7-439A-AEB9-022A-090F48594316}.Release|Any CPU.Build.0 = Release|Any CPU
		{8FCF5CCD-8526-3E5E-428F-F4F47BFE8A1D}.Debug|Any CPU.ActiveCfg = Debug|Any CPU
		{8FCF5CCD-8526-3E5E-428F-F4F47BFE8A1D}.Debug|Any CPU.Build.0 = Debug|Any CPU
		{8FCF5CCD-8526-3E5E-428F-F4F47BFE8A1D}.Release|Any CPU.ActiveCfg = Release|Any CPU
		{8FCF5CCD-8526-3E5E-428F-F4F47BFE8A1D}.Release|Any CPU.Build.0 = Release|Any CPU
		{D1047470-C004-9B79-23D5-348D979323A6}.Debug|Any CPU.ActiveCfg = Debug|Any CPU
		{D1047470-C004-9B79-23D5-348D979323A6}.Debug|Any CPU.Build.0 = Debug|Any CPU
		{D1047470-C004-9B79-23D5-348D979323A6}.Release|Any CPU.ActiveCfg = Release|Any CPU
		{D1047470-C004-9B79-23D5-348D979323A6}.Release|Any CPU.Build.0 = Release|Any CPU
	EndGlobalSection
	GlobalSection(SolutionProperties) = preSolution
		HideSolutionNode = FALSE
	EndGlobalSection
																																																																																																																																																																																																																																																																																																																																																																																																																																																														GlobalSection(MonoDevelopProperties) = preSolution
		StartupItem = Assembly-CSharp.csproj
		Policies = $0
		$0.TextStylePolicy = $1
		$1.inheritsSet = null
		$1.scope = text/x-csharp
		$0.CSharpFormattingPolicy = $2
		$2.inheritsSet = Mono
		$2.inheritsScope = text/x-csharp
		$2.scope = text/x-csharp
		$0.TextStylePolicy = $3
		$3.FileWidth = 120
		$3.TabWidth = 4
		$3.EolMarker = Unix
		$3.inheritsSet = Mono
		$3.inheritsScope = text/plain
		$3.scope = text/plain
	EndGlobalSection

EndGlobal
